{
  "name": "fire-backend-example-todo-list-api",
  "version": "0.0.1",
  "lockfileVersion": 1,
  "requires": true,
  "dependencies": {
    "fire-backend-test": {
      "version": "1.0.1",
      "resolved": "https://registry.npmjs.org/fire-backend-test/-/fire-backend-test-1.0.1.tgz",
      "integrity": "sha512-+JxnYwIAcUy88/UNDKWqVHsCnR6n25K9rjtZhPSWdKJtwGX8vINzvDGmmOjWh5crURNHL6tYXo36tEReC9bCIQ==",
      "requires": {
        "node-fetch": "2.6.0"
      }
    },
    "node-fetch": {
      "version": "2.6.0",
      "resolved": "https://registry.npmjs.org/node-fetch/-/node-fetch-2.6.0.tgz",
      "integrity": "sha512-8dG4H5ujfvFiqDmVu9fQ5bOHUC15JMjMY/Zumv26oOvvVJjM67KF8koCWIabKQ1GJIa9r2mMZscBq/TbdOcmNA=="
    }
  }
}
